// !$*UTF8*$!
{
	archiveVersion = 1;
	classes = {
	};
	objectVersion = 50;
	objects = {

/* Begin PBXBuildFile section */
		06026B3224E436F400967877 /* HostingController.swift in Sources */ = {isa = PBXBuildFile; fileRef = 06026B3124E436F300967877 /* HostingController.swift */; };
		0607A82124E56FC3002AED46 /* SignUpScreen.swift in Sources */ = {isa = PBXBuildFile; fileRef = 0607A82024E56FC3002AED46 /* SignUpScreen.swift */; };
		0607A82324E57368002AED46 /* SignInScreen.swift in Sources */ = {isa = PBXBuildFile; fileRef = 0607A82224E57368002AED46 /* SignInScreen.swift */; };
		065943A024E517A700973731 /* SettingsScreen.swift in Sources */ = {isa = PBXBuildFile; fileRef = 0659439F24E517A700973731 /* SettingsScreen.swift */; };
		065943A224E519B800973731 /* SettingsItem.swift in Sources */ = {isa = PBXBuildFile; fileRef = 065943A124E519B800973731 /* SettingsItem.swift */; };
		065943A524E51A9700973731 /* SettingsItemModel.swift in Sources */ = {isa = PBXBuildFile; fileRef = 065943A424E51A9700973731 /* SettingsItemModel.swift */; };
		065943A924E5266600973731 /* Color+Extension.swift in Sources */ = {isa = PBXBuildFile; fileRef = 065943A824E5266600973731 /* Color+Extension.swift */; };
		065943AB24E5296600973731 /* GameScreen.swift in Sources */ = {isa = PBXBuildFile; fileRef = 065943AA24E5296600973731 /* GameScreen.swift */; };
		065943AD24E52CAC00973731 /* NewGameLink.swift in Sources */ = {isa = PBXBuildFile; fileRef = 065943AC24E52CAC00973731 /* NewGameLink.swift */; };
		065943AF24E5302D00973731 /* MoneyButton.swift in Sources */ = {isa = PBXBuildFile; fileRef = 065943AE24E5302D00973731 /* MoneyButton.swift */; };
		068C838024E3DB9F00F5D1AF /* AppDelegate.swift in Sources */ = {isa = PBXBuildFile; fileRef = 068C837F24E3DB9F00F5D1AF /* AppDelegate.swift */; };
		068C838224E3DB9F00F5D1AF /* SceneDelegate.swift in Sources */ = {isa = PBXBuildFile; fileRef = 068C838124E3DB9F00F5D1AF /* SceneDelegate.swift */; };
		068C838424E3DB9F00F5D1AF /* ContentView.swift in Sources */ = {isa = PBXBuildFile; fileRef = 068C838324E3DB9F00F5D1AF /* ContentView.swift */; };
		068C838624E3DBA000F5D1AF /* Assets.xcassets in Resources */ = {isa = PBXBuildFile; fileRef = 068C838524E3DBA000F5D1AF /* Assets.xcassets */; };
		068C838924E3DBA000F5D1AF /* Preview Assets.xcassets in Resources */ = {isa = PBXBuildFile; fileRef = 068C838824E3DBA000F5D1AF /* Preview Assets.xcassets */; };
		068C838C24E3DBA000F5D1AF /* LaunchScreen.storyboard in Resources */ = {isa = PBXBuildFile; fileRef = 068C838A24E3DBA000F5D1AF /* LaunchScreen.storyboard */; };
		068C839624E3DD5E00F5D1AF /* HomeButton.swift in Sources */ = {isa = PBXBuildFile; fileRef = 068C839524E3DD5E00F5D1AF /* HomeButton.swift */; };
		068C839824E3E96C00F5D1AF /* NavigationTab.swift in Sources */ = {isa = PBXBuildFile; fileRef = 068C839724E3E96C00F5D1AF /* NavigationTab.swift */; };
		068C839B24E3EAD400F5D1AF /* HomeScreen.swift in Sources */ = {isa = PBXBuildFile; fileRef = 068C839A24E3EAD400F5D1AF /* HomeScreen.swift */; };
		068C839D24E417CC00F5D1AF /* TopTabBar.swift in Sources */ = {isa = PBXBuildFile; fileRef = 068C839C24E417CB00F5D1AF /* TopTabBar.swift */; };
		068C839F24E41A1F00F5D1AF /* OnlineScoresScreen.swift in Sources */ = {isa = PBXBuildFile; fileRef = 068C839E24E41A1F00F5D1AF /* OnlineScoresScreen.swift */; };
		068C83A124E41B5E00F5D1AF /* ScoreItem.swift in Sources */ = {isa = PBXBuildFile; fileRef = 068C83A024E41B5E00F5D1AF /* ScoreItem.swift */; };
		068C83A324E41E0800F5D1AF /* OfflineScoresScreen.swift in Sources */ = {isa = PBXBuildFile; fileRef = 068C83A224E41E0800F5D1AF /* OfflineScoresScreen.swift */; };
		068C83A524E41E4E00F5D1AF /* ScoresScreen.swift in Sources */ = {isa = PBXBuildFile; fileRef = 068C83A424E41E4E00F5D1AF /* ScoresScreen.swift */; };
		06BAC5F024E5089C00551E80 /* RatingsScreen.swift in Sources */ = {isa = PBXBuildFile; fileRef = 06BAC5EF24E5089C00551E80 /* RatingsScreen.swift */; };
/* End PBXBuildFile section */

/* Begin PBXFileReference section */
		06026B3124E436F300967877 /* HostingController.swift */ = {isa = PBXFileReference; lastKnownFileType = sourcecode.swift; path = HostingController.swift; sourceTree = "<group>"; };
		0607A82024E56FC3002AED46 /* SignUpScreen.swift */ = {isa = PBXFileReference; lastKnownFileType = sourcecode.swift; path = SignUpScreen.swift; sourceTree = "<group>"; };
		0607A82224E57368002AED46 /* SignInScreen.swift */ = {isa = PBXFileReference; lastKnownFileType = sourcecode.swift; path = SignInScreen.swift; sourceTree = "<group>"; };
		0659439F24E517A700973731 /* SettingsScreen.swift */ = {isa = PBXFileReference; lastKnownFileType = sourcecode.swift; path = SettingsScreen.swift; sourceTree = "<group>"; };
		065943A124E519B800973731 /* SettingsItem.swift */ = {isa = PBXFileReference; lastKnownFileType = sourcecode.swift; path = SettingsItem.swift; sourceTree = "<group>"; };
		065943A424E51A9700973731 /* SettingsItemModel.swift */ = {isa = PBXFileReference; lastKnownFileType = sourcecode.swift; path = SettingsItemModel.swift; sourceTree = "<group>"; };
		065943A824E5266600973731 /* Color+Extension.swift */ = {isa = PBXFileReference; lastKnownFileType = sourcecode.swift; path = "Color+Extension.swift"; sourceTree = "<group>"; };
		065943AA24E5296600973731 /* GameScreen.swift */ = {isa = PBXFileReference; lastKnownFileType = sourcecode.swift; path = GameScreen.swift; sourceTree = "<group>"; };
		065943AC24E52CAC00973731 /* NewGameLink.swift */ = {isa = PBXFileReference; lastKnownFileType = sourcecode.swift; path = NewGameLink.swift; sourceTree = "<group>"; };
		065943AE24E5302D00973731 /* MoneyButton.swift */ = {isa = PBXFileReference; lastKnownFileType = sourcecode.swift; path = MoneyButton.swift; sourceTree = "<group>"; };
		068C837C24E3DB9F00F5D1AF /* SwiftiOSCatchingMoneyGame.app */ = {isa = PBXFileReference; explicitFileType = wrapper.application; includeInIndex = 0; path = SwiftiOSCatchingMoneyGame.app; sourceTree = BUILT_PRODUCTS_DIR; };
		068C837F24E3DB9F00F5D1AF /* AppDelegate.swift */ = {isa = PBXFileReference; lastKnownFileType = sourcecode.swift; path = AppDelegate.swift; sourceTree = "<group>"; };
		068C838124E3DB9F00F5D1AF /* SceneDelegate.swift */ = {isa = PBXFileReference; lastKnownFileType = sourcecode.swift; path = SceneDelegate.swift; sourceTree = "<group>"; };
		068C838324E3DB9F00F5D1AF /* ContentView.swift */ = {isa = PBXFileReference; lastKnownFileType = sourcecode.swift; path = ContentView.swift; sourceTree = "<group>"; };
		068C838524E3DBA000F5D1AF /* Assets.xcassets */ = {isa = PBXFileReference; lastKnownFileType = folder.assetcatalog; path = Assets.xcassets; sourceTree = "<group>"; };
		068C838824E3DBA000F5D1AF /* Preview Assets.xcassets */ = {isa = PBXFileReference; lastKnownFileType = folder.assetcatalog; path = "Preview Assets.xcassets"; sourceTree = "<group>"; };
		068C838B24E3DBA000F5D1AF /* Base */ = {isa = PBXFileReference; lastKnownFileType = file.storyboard; name = Base; path = Base.lproj/LaunchScreen.storyboard; sourceTree = "<group>"; };
		068C838D24E3DBA000F5D1AF /* Info.plist */ = {isa = PBXFileReference; lastKnownFileType = text.plist.xml; path = Info.plist; sourceTree = "<group>"; };
		068C839524E3DD5E00F5D1AF /* HomeButton.swift */ = {isa = PBXFileReference; lastKnownFileType = sourcecode.swift; path = HomeButton.swift; sourceTree = "<group>"; };
		068C839724E3E96C00F5D1AF /* NavigationTab.swift */ = {isa = PBXFileReference; lastKnownFileType = sourcecode.swift; path = NavigationTab.swift; sourceTree = "<group>"; };
		068C839A24E3EAD400F5D1AF /* HomeScreen.swift */ = {isa = PBXFileReference; lastKnownFileType = sourcecode.swift; path = HomeScreen.swift; sourceTree = "<group>"; };
		068C839C24E417CB00F5D1AF /* TopTabBar.swift */ = {isa = PBXFileReference; lastKnownFileType = sourcecode.swift; path = TopTabBar.swift; sourceTree = "<group>"; };
		068C839E24E41A1F00F5D1AF /* OnlineScoresScreen.swift */ = {isa = PBXFileReference; lastKnownFileType = sourcecode.swift; path = OnlineScoresScreen.swift; sourceTree = "<group>"; };
		068C83A024E41B5E00F5D1AF /* ScoreItem.swift */ = {isa = PBXFileReference; lastKnownFileType = sourcecode.swift; path = ScoreItem.swift; sourceTree = "<group>"; };
		068C83A224E41E0800F5D1AF /* OfflineScoresScreen.swift */ = {isa = PBXFileReference; lastKnownFileType = sourcecode.swift; path = OfflineScoresScreen.swift; sourceTree = "<group>"; };
		068C83A424E41E4E00F5D1AF /* ScoresScreen.swift */ = {isa = PBXFileReference; lastKnownFileType = sourcecode.swift; path = ScoresScreen.swift; sourceTree = "<group>"; };
		06BAC5EF24E5089C00551E80 /* RatingsScreen.swift */ = {isa = PBXFileReference; lastKnownFileType = sourcecode.swift; path = RatingsScreen.swift; sourceTree = "<group>"; };
/* End PBXFileReference section */

/* Begin PBXFrameworksBuildPhase section */
		068C837924E3DB9F00F5D1AF /* Frameworks */ = {
			isa = PBXFrameworksBuildPhase;
			buildActionMask = 2147483647;
			files = (
			);
			runOnlyForDeploymentPostprocessing = 0;
		};
/* End PBXFrameworksBuildPhase section */

/* Begin PBXGroup section */
		065943A324E51A8400973731 /* models */ = {
			isa = PBXGroup;
			children = (
				065943A424E51A9700973731 /* SettingsItemModel.swift */,
			);
			path = models;
			sourceTree = "<group>";
		};
		068C837324E3DB9F00F5D1AF = {
			isa = PBXGroup;
			children = (
				068C837E24E3DB9F00F5D1AF /* SwiftiOSCatchingMoneyGame */,
				068C837D24E3DB9F00F5D1AF /* Products */,
			);
			sourceTree = "<group>";
		};
		068C837D24E3DB9F00F5D1AF /* Products */ = {
			isa = PBXGroup;
			children = (
				068C837C24E3DB9F00F5D1AF /* SwiftiOSCatchingMoneyGame.app */,
			);
			name = Products;
			sourceTree = "<group>";
		};
		068C837E24E3DB9F00F5D1AF /* SwiftiOSCatchingMoneyGame */ = {
			isa = PBXGroup;
			children = (
				065943A324E51A8400973731 /* models */,
				068C839924E3EAA200F5D1AF /* screens */,
				068C839424E3DD3700F5D1AF /* components */,
				068C837F24E3DB9F00F5D1AF /* AppDelegate.swift */,
				068C838124E3DB9F00F5D1AF /* SceneDelegate.swift */,
				068C838324E3DB9F00F5D1AF /* ContentView.swift */,
				06026B3124E436F300967877 /* HostingController.swift */,
				068C838524E3DBA000F5D1AF /* Assets.xcassets */,
				068C838A24E3DBA000F5D1AF /* LaunchScreen.storyboard */,
				068C838D24E3DBA000F5D1AF /* Info.plist */,
				068C838724E3DBA000F5D1AF /* Preview Content */,
				065943A824E5266600973731 /* Color+Extension.swift */,
			);
			path = SwiftiOSCatchingMoneyGame;
			sourceTree = "<group>";
		};
		068C838724E3DBA000F5D1AF /* Preview Content */ = {
			isa = PBXGroup;
			children = (
				068C838824E3DBA000F5D1AF /* Preview Assets.xcassets */,
			);
			path = "Preview Content";
			sourceTree = "<group>";
		};
		068C839424E3DD3700F5D1AF /* components */ = {
			isa = PBXGroup;
			children = (
				065943AC24E52CAC00973731 /* NewGameLink.swift */,
				068C839524E3DD5E00F5D1AF /* HomeButton.swift */,
				068C839724E3E96C00F5D1AF /* NavigationTab.swift */,
				068C839C24E417CB00F5D1AF /* TopTabBar.swift */,
				068C83A024E41B5E00F5D1AF /* ScoreItem.swift */,
				065943A124E519B800973731 /* SettingsItem.swift */,
				065943AE24E5302D00973731 /* MoneyButton.swift */,
			);
			path = components;
			sourceTree = "<group>";
		};
		068C839924E3EAA200F5D1AF /* screens */ = {
			isa = PBXGroup;
			children = (
				068C839A24E3EAD400F5D1AF /* HomeScreen.swift */,
				068C839E24E41A1F00F5D1AF /* OnlineScoresScreen.swift */,
				068C83A224E41E0800F5D1AF /* OfflineScoresScreen.swift */,
				068C83A424E41E4E00F5D1AF /* ScoresScreen.swift */,
				06BAC5EF24E5089C00551E80 /* RatingsScreen.swift */,
				0659439F24E517A700973731 /* SettingsScreen.swift */,
				065943AA24E5296600973731 /* GameScreen.swift */,
				0607A82024E56FC3002AED46 /* SignUpScreen.swift */,
				0607A82224E57368002AED46 /* SignInScreen.swift */,
			);
			path = screens;
			sourceTree = "<group>";
		};
/* End PBXGroup section */

/* Begin PBXNativeTarget section */
		068C837B24E3DB9F00F5D1AF /* SwiftiOSCatchingMoneyGame */ = {
			isa = PBXNativeTarget;
			buildConfigurationList = 068C839024E3DBA000F5D1AF /* Build configuration list for PBXNativeTarget "SwiftiOSCatchingMoneyGame" */;
			buildPhases = (
				068C837824E3DB9F00F5D1AF /* Sources */,
				068C837924E3DB9F00F5D1AF /* Frameworks */,
				068C837A24E3DB9F00F5D1AF /* Resources */,
			);
			buildRules = (
			);
			dependencies = (
			);
			name = SwiftiOSCatchingMoneyGame;
			productName = SwiftiOSCatchingMoneyGame;
			productReference = 068C837C24E3DB9F00F5D1AF /* SwiftiOSCatchingMoneyGame.app */;
			productType = "com.apple.product-type.application";
		};
/* End PBXNativeTarget section */

/* Begin PBXProject section */
		068C837424E3DB9F00F5D1AF /* Project object */ = {
			isa = PBXProject;
			attributes = {
				LastSwiftUpdateCheck = 1140;
				LastUpgradeCheck = 1140;
				ORGANIZATIONNAME = "Tunahan Oğuz";
				TargetAttributes = {
					068C837B24E3DB9F00F5D1AF = {
						CreatedOnToolsVersion = 11.4.1;
					};
				};
			};
			buildConfigurationList = 068C837724E3DB9F00F5D1AF /* Build configuration list for PBXProject "SwiftiOSCatchingMoneyGame" */;
			compatibilityVersion = "Xcode 9.3";
			developmentRegion = en;
			hasScannedForEncodings = 0;
			knownRegions = (
				en,
				Base,
			);
			mainGroup = 068C837324E3DB9F00F5D1AF;
			productRefGroup = 068C837D24E3DB9F00F5D1AF /* Products */;
			projectDirPath = "";
			projectRoot = "";
			targets = (
				068C837B24E3DB9F00F5D1AF /* SwiftiOSCatchingMoneyGame */,
			);
		};
/* End PBXProject section */

/* Begin PBXResourcesBuildPhase section */
		068C837A24E3DB9F00F5D1AF /* Resources */ = {
			isa = PBXResourcesBuildPhase;
			buildActionMask = 2147483647;
			files = (
				068C838C24E3DBA000F5D1AF /* LaunchScreen.storyboard in Resources */,
				068C838924E3DBA000F5D1AF /* Preview Assets.xcassets in Resources */,
				068C838624E3DBA000F5D1AF /* Assets.xcassets in Resources */,
			);
			runOnlyForDeploymentPostprocessing = 0;
		};
/* End PBXResourcesBuildPhase section */

/* Begin PBXSourcesBuildPhase section */
		068C837824E3DB9F00F5D1AF /* Sources */ = {
			isa = PBXSourcesBuildPhase;
			buildActionMask = 2147483647;
			files = (
				065943AF24E5302D00973731 /* MoneyButton.swift in Sources */,
				068C83A524E41E4E00F5D1AF /* ScoresScreen.swift in Sources */,
				0607A82124E56FC3002AED46 /* SignUpScreen.swift in Sources */,
				0607A82324E57368002AED46 /* SignInScreen.swift in Sources */,
				068C839D24E417CC00F5D1AF /* TopTabBar.swift in Sources */,
				068C839624E3DD5E00F5D1AF /* HomeButton.swift in Sources */,
				065943AD24E52CAC00973731 /* NewGameLink.swift in Sources */,
				065943A524E51A9700973731 /* SettingsItemModel.swift in Sources */,
				068C83A324E41E0800F5D1AF /* OfflineScoresScreen.swift in Sources */,
				06BAC5F024E5089C00551E80 /* RatingsScreen.swift in Sources */,
				068C838024E3DB9F00F5D1AF /* AppDelegate.swift in Sources */,
				068C839B24E3EAD400F5D1AF /* HomeScreen.swift in Sources */,
				06026B3224E436F400967877 /* HostingController.swift in Sources */,
				065943A024E517A700973731 /* SettingsScreen.swift in Sources */,
				068C839824E3E96C00F5D1AF /* NavigationTab.swift in Sources */,
				068C83A124E41B5E00F5D1AF /* ScoreItem.swift in Sources */,
				068C838224E3DB9F00F5D1AF /* SceneDelegate.swift in Sources */,
				065943AB24E5296600973731 /* GameScreen.swift in Sources */,
				065943A924E5266600973731 /* Color+Extension.swift in Sources */,
				068C838424E3DB9F00F5D1AF /* ContentView.swift in Sources */,
				068C839F24E41A1F00F5D1AF /* OnlineScoresScreen.swift in Sources */,
				065943A224E519B800973731 /* SettingsItem.swift in Sources */,
			);
			runOnlyForDeploymentPostprocessing = 0;
		};
/* End PBXSourcesBuildPhase section */

/* Begin PBXVariantGroup section */
		068C838A24E3DBA000F5D1AF /* LaunchScreen.storyboard */ = {
			isa = PBXVariantGroup;
			children = (
				068C838B24E3DBA000F5D1AF /* Base */,
			);
			name = LaunchScreen.storyboard;
			sourceTree = "<group>";
		};
/* End PBXVariantGroup section */

/* Begin XCBuildConfiguration section */
		068C838E24E3DBA000F5D1AF /* Debug */ = {
			isa = XCBuildConfiguration;
			buildSettings = {
				ALWAYS_SEARCH_USER_PATHS = NO;
				CLANG_ANALYZER_NONNULL = YES;
				CLANG_ANALYZER_NUMBER_OBJECT_CONVERSION = YES_AGGRESSIVE;
				CLANG_CXX_LANGUAGE_STANDARD = "gnu++14";
				CLANG_CXX_LIBRARY = "libc++";
				CLANG_ENABLE_MODULES = YES;
				CLANG_ENABLE_OBJC_ARC = YES;
				CLANG_ENABLE_OBJC_WEAK = YES;
				CLANG_WARN_BLOCK_CAPTURE_AUTORELEASING = YES;
				CLANG_WARN_BOOL_CONVERSION = YES;
				CLANG_WARN_COMMA = YES;
				CLANG_WARN_CONSTANT_CONVERSION = YES;
				CLANG_WARN_DEPRECATED_OBJC_IMPLEMENTATIONS = YES;
				CLANG_WARN_DIRECT_OBJC_ISA_USAGE = YES_ERROR;
				CLANG_WARN_DOCUMENTATION_COMMENTS = YES;
				CLANG_WARN_EMPTY_BODY = YES;
				CLANG_WARN_ENUM_CONVERSION = YES;
				CLANG_WARN_INFINITE_RECURSION = YES;
				CLANG_WARN_INT_CONVERSION = YES;
				CLANG_WARN_NON_LITERAL_NULL_CONVERSION = YES;
				CLANG_WARN_OBJC_IMPLICIT_RETAIN_SELF = YES;
				CLANG_WARN_OBJC_LITERAL_CONVERSION = YES;
				CLANG_WARN_OBJC_ROOT_CLASS = YES_ERROR;
				CLANG_WARN_RANGE_LOOP_ANALYSIS = YES;
				CLANG_WARN_STRICT_PROTOTYPES = YES;
				CLANG_WARN_SUSPICIOUS_MOVE = YES;
				CLANG_WARN_UNGUARDED_AVAILABILITY = YES_AGGRESSIVE;
				CLANG_WARN_UNREACHABLE_CODE = YES;
				CLANG_WARN__DUPLICATE_METHOD_MATCH = YES;
				COPY_PHASE_STRIP = NO;
				DEBUG_INFORMATION_FORMAT = dwarf;
				ENABLE_STRICT_OBJC_MSGSEND = YES;
				ENABLE_TESTABILITY = YES;
				GCC_C_LANGUAGE_STANDARD = gnu11;
				GCC_DYNAMIC_NO_PIC = NO;
				GCC_NO_COMMON_BLOCKS = YES;
				GCC_OPTIMIZATION_LEVEL = 0;
				GCC_PREPROCESSOR_DEFINITIONS = (
					"DEBUG=1",
					"$(inherited)",
				);
				GCC_WARN_64_TO_32_BIT_CONVERSION = YES;
				GCC_WARN_ABOUT_RETURN_TYPE = YES_ERROR;
				GCC_WARN_UNDECLARED_SELECTOR = YES;
				GCC_WARN_UNINITIALIZED_AUTOS = YES_AGGRESSIVE;
				GCC_WARN_UNUSED_FUNCTION = YES;
				GCC_WARN_UNUSED_VARIABLE = YES;
				IPHONEOS_DEPLOYMENT_TARGET = 13.4;
				MTL_ENABLE_DEBUG_INFO = INCLUDE_SOURCE;
				MTL_FAST_MATH = YES;
				ONLY_ACTIVE_ARCH = YES;
				SDKROOT = iphoneos;
				SWIFT_ACTIVE_COMPILATION_CONDITIONS = DEBUG;
				SWIFT_OPTIMIZATION_LEVEL = "-Onone";
			};
			name = Debug;
		};
		068C838F24E3DBA000F5D1AF /* Release */ = {
			isa = XCBuildConfiguration;
			buildSettings = {
				ALWAYS_SEARCH_USER_PATHS = NO;
				CLANG_ANALYZER_NONNULL = YES;
				CLANG_ANALYZER_NUMBER_OBJECT_CONVERSION = YES_AGGRESSIVE;
				CLANG_CXX_LANGUAGE_STANDARD = "gnu++14";
				CLANG_CXX_LIBRARY = "libc++";
				CLANG_ENABLE_MODULES = YES;
				CLANG_ENABLE_OBJC_ARC = YES;
				CLANG_ENABLE_OBJC_WEAK = YES;
				CLANG_WARN_BLOCK_CAPTURE_AUTORELEASING = YES;
				CLANG_WARN_BOOL_CONVERSION = YES;
				CLANG_WARN_COMMA = YES;
				CLANG_WARN_CONSTANT_CONVERSION = YES;
				CLANG_WARN_DEPRECATED_OBJC_IMPLEMENTATIONS = YES;
				CLANG_WARN_DIRECT_OBJC_ISA_USAGE = YES_ERROR;
				CLANG_WARN_DOCUMENTATION_COMMENTS = YES;
				CLANG_WARN_EMPTY_BODY = YES;
				CLANG_WARN_ENUM_CONVERSION = YES;
				CLANG_WARN_INFINITE_RECURSION = YES;
				CLANG_WARN_INT_CONVERSION = YES;
				CLANG_WARN_NON_LITERAL_NULL_CONVERSION = YES;
				CLANG_WARN_OBJC_IMPLICIT_RETAIN_SELF = YES;
				CLANG_WARN_OBJC_LITERAL_CONVERSION = YES;
				CLANG_WARN_OBJC_ROOT_CLASS = YES_ERROR;
				CLANG_WARN_RANGE_LOOP_ANALYSIS = YES;
				CLANG_WARN_STRICT_PROTOTYPES = YES;
				CLANG_WARN_SUSPICIOUS_MOVE = YES;
				CLANG_WARN_UNGUARDED_AVAILABILITY = YES_AGGRESSIVE;
				CLANG_WARN_UNREACHABLE_CODE = YES;
				CLANG_WARN__DUPLICATE_METHOD_MATCH = YES;
				COPY_PHASE_STRIP = NO;
				DEBUG_INFORMATION_FORMAT = "dwarf-with-dsym";
				ENABLE_NS_ASSERTIONS = NO;
				ENABLE_STRICT_OBJC_MSGSEND = YES;
				GCC_C_LANGUAGE_STANDARD = gnu11;
				GCC_NO_COMMON_BLOCKS = YES;
				GCC_WARN_64_TO_32_BIT_CONVERSION = YES;
				GCC_WARN_ABOUT_RETURN_TYPE = YES_ERROR;
				GCC_WARN_UNDECLARED_SELECTOR = YES;
				GCC_WARN_UNINITIALIZED_AUTOS = YES_AGGRESSIVE;
				GCC_WARN_UNUSED_FUNCTION = YES;
				GCC_WARN_UNUSED_VARIABLE = YES;
				IPHONEOS_DEPLOYMENT_TARGET = 13.4;
				MTL_ENABLE_DEBUG_INFO = NO;
				MTL_FAST_MATH = YES;
				SDKROOT = iphoneos;
				SWIFT_COMPILATION_MODE = wholemodule;
				SWIFT_OPTIMIZATION_LEVEL = "-O";
				VALIDATE_PRODUCT = YES;
			};
			name = Release;
		};
		068C839124E3DBA000F5D1AF /* Debug */ = {
			isa = XCBuildConfiguration;
			buildSettings = {
				ASSETCATALOG_COMPILER_APPICON_NAME = AppIcon;
				CODE_SIGN_STYLE = Automatic;
				DEVELOPMENT_ASSET_PATHS = "\"SwiftiOSCatchingMoneyGame/Preview Content\"";
				ENABLE_PREVIEWS = YES;
				INFOPLIST_FILE = SwiftiOSCatchingMoneyGame/Info.plist;
				LD_RUNPATH_SEARCH_PATHS = (
					"$(inherited)",
					"@executable_path/Frameworks",
				);
				PRODUCT_BUNDLE_IDENTIFIER = com.swiftuiexample.SwiftiOSCatchingMoneyGame;
				PRODUCT_NAME = "$(TARGET_NAME)";
				SWIFT_VERSION = 5.0;
				TARGETED_DEVICE_FAMILY = "1,2";
			};
			name = Debug;
		};
		068C839224E3DBA000F5D1AF /* Release */ = {
			isa = XCBuildConfiguration;
			buildSettings = {
				ASSETCATALOG_COMPILER_APPICON_NAME = AppIcon;
				CODE_SIGN_STYLE = Automatic;
				DEVELOPMENT_ASSET_PATHS = "\"SwiftiOSCatchingMoneyGame/Preview Content\"";
				ENABLE_PREVIEWS = YES;
				INFOPLIST_FILE = SwiftiOSCatchingMoneyGame/Info.plist;
				LD_RUNPATH_SEARCH_PATHS = (
					"$(inherited)",
					"@executable_path/Frameworks",
				);
				PRODUCT_BUNDLE_IDENTIFIER = com.swiftuiexample.SwiftiOSCatchingMoneyGame;
				PRODUCT_NAME = "$(TARGET_NAME)";
				SWIFT_VERSION = 5.0;
				TARGETED_DEVICE_FAMILY = "1,2";
			};
			name = Release;
		};
/* End XCBuildConfiguration section */

/* Begin XCConfigurationList section */
		068C837724E3DB9F00F5D1AF /* Build configuration list for PBXProject "SwiftiOSCatchingMoneyGame" */ = {
			isa = XCConfigurationList;
			buildConfigurations = (
				068C838E24E3DBA000F5D1AF /* Debug */,
				068C838F24E3DBA000F5D1AF /* Release */,
			);
			defaultConfigurationIsVisible = 0;
			defaultConfigurationName = Release;
		};
		068C839024E3DBA000F5D1AF /* Build configuration list for PBXNativeTarget "SwiftiOSCatchingMoneyGame" */ = {
			isa = XCConfigurationList;
			buildConfigurations = (
				068C839124E3DBA000F5D1AF /* Debug */,
				068C839224E3DBA000F5D1AF /* Release */,
			);
			defaultConfigurationIsVisible = 0;
			defaultConfigurationName = Release;
		};
/* End XCConfigurationList section */
	};
	rootObject = 068C837424E3DB9F00F5D1AF /* Project object */;
}
